// !$*UTF8*$!
{
	archiveVersion = 1;
	classes = {
	};
	objectVersion = 50;
	objects = {

/* Begin PBXBuildFile section */
		3709E718258796A700620BE6 /* AppDelegate.swift in Sources */ = {isa = PBXBuildFile; fileRef = 3709E717258796A700620BE6 /* AppDelegate.swift */; };
		3709E71A258796A700620BE6 /* SceneDelegate.swift in Sources */ = {isa = PBXBuildFile; fileRef = 3709E719258796A700620BE6 /* SceneDelegate.swift */; };
		3709E71C258796A700620BE6 /* ViewController.swift in Sources */ = {isa = PBXBuildFile; fileRef = 3709E71B258796A700620BE6 /* ViewController.swift */; };
		3709E71F258796A700620BE6 /* Main.storyboard in Resources */ = {isa = PBXBuildFile; fileRef = 3709E71D258796A700620BE6 /* Main.storyboard */; };
		3709E721258796A800620BE6 /* Assets.xcassets in Resources */ = {isa = PBXBuildFile; fileRef = 3709E720258796A800620BE6 /* Assets.xcassets */; };
		3709E724258796A800620BE6 /* LaunchScreen.storyboard in Resources */ = {isa = PBXBuildFile; fileRef = 3709E722258796A800620BE6 /* LaunchScreen.storyboard */; };
		3709E72D2587A77E00620BE6 /* Configration.swift in Sources */ = {isa = PBXBuildFile; fileRef = 3709E72C2587A77E00620BE6 /* Configration.swift */; };
/* End PBXBuildFile section */

/* Begin PBXFileReference section */
		3709E714258796A700620BE6 /* barCodeApp.app */ = {isa = PBXFileReference; explicitFileType = wrapper.application; includeInIndex = 0; path = barCodeApp.app; sourceTree = BUILT_PRODUCTS_DIR; };
		3709E717258796A700620BE6 /* AppDelegate.swift */ = {isa = PBXFileReference; lastKnownFileType = sourcecode.swift; path = AppDelegate.swift; sourceTree = "<group>"; };
		3709E719258796A700620BE6 /* SceneDelegate.swift */ = {isa = PBXFileReference; lastKnownFileType = sourcecode.swift; path = SceneDelegate.swift; sourceTree = "<group>"; };
		3709E71B258796A700620BE6 /* ViewController.swift */ = {isa = PBXFileReference; lastKnownFileType = sourcecode.swift; path = ViewController.swift; sourceTree = "<group>"; };
		3709E71E258796A700620BE6 /* Base */ = {isa = PBXFileReference; lastKnownFileType = file.storyboard; name = Base; path = Base.lproj/Main.storyboard; sourceTree = "<group>"; };
		3709E720258796A800620BE6 /* Assets.xcassets */ = {isa = PBXFileReference; lastKnownFileType = folder.assetcatalog; path = Assets.xcassets; sourceTree = "<group>"; };
		3709E723258796A800620BE6 /* Base */ = {isa = PBXFileReference; lastKnownFileType = file.storyboard; name = Base; path = Base.lproj/LaunchScreen.storyboard; sourceTree = "<group>"; };
		3709E725258796A800620BE6 /* Info.plist */ = {isa = PBXFileReference; lastKnownFileType = text.plist.xml; path = Info.plist; sourceTree = "<group>"; };
		3709E72C2587A77E00620BE6 /* Configration.swift */ = {isa = PBXFileReference; lastKnownFileType = sourcecode.swift; path = Configration.swift; sourceTree = "<group>"; };
/* End PBXFileReference section */

/* Begin PBXFrameworksBuildPhase section */
		3709E711258796A700620BE6 /* Frameworks */ = {
			isa = PBXFrameworksBuildPhase;
			buildActionMask = 2147483647;
			files = (
			);
			runOnlyForDeploymentPostprocessing = 0;
		};
/* End PBXFrameworksBuildPhase section */

/* Begin PBXGroup section */
		3709E70B258796A700620BE6 = {
			isa = PBXGroup;
			children = (
				3709E716258796A700620BE6 /* barCodeApp */,
				3709E715258796A700620BE6 /* Products */,
			);
			sourceTree = "<group>";
		};
		3709E715258796A700620BE6 /* Products */ = {
			isa = PBXGroup;
			children = (
				3709E714258796A700620BE6 /* barCodeApp.app */,
			);
			name = Products;
			sourceTree = "<group>";
		};
		3709E716258796A700620BE6 /* barCodeApp */ = {
			isa = PBXGroup;
			children = (
				3709E717258796A700620BE6 /* AppDelegate.swift */,
				3709E719258796A700620BE6 /* SceneDelegate.swift */,
				3709E71B258796A700620BE6 /* ViewController.swift */,
				3709E71D258796A700620BE6 /* Main.storyboard */,
				3709E720258796A800620BE6 /* Assets.xcassets */,
				3709E722258796A800620BE6 /* LaunchScreen.storyboard */,
				3709E725258796A800620BE6 /* Info.plist */,
				3709E72C2587A77E00620BE6 /* Configration.swift */,
			);
			path = barCodeApp;
			sourceTree = "<group>";
		};
/* End PBXGroup section */

/* Begin PBXNativeTarget section */
		3709E713258796A700620BE6 /* barCodeApp */ = {
			isa = PBXNativeTarget;
			buildConfigurationList = 3709E728258796A800620BE6 /* Build configuration list for PBXNativeTarget "barCodeApp" */;
			buildPhases = (
				3709E710258796A700620BE6 /* Sources */,
				3709E711258796A700620BE6 /* Frameworks */,
				3709E712258796A700620BE6 /* Resources */,
			);
			buildRules = (
			);
			dependencies = (
			);
			name = barCodeApp;
			productName = barCodeApp;
			productReference = 3709E714258796A700620BE6 /* barCodeApp.app */;
			productType = "com.apple.product-type.application";
		};
/* End PBXNativeTarget section */

/* Begin PBXProject section */
		3709E70C258796A700620BE6 /* Project object */ = {
			isa = PBXProject;
			attributes = {
				LastSwiftUpdateCheck = 1220;
				LastUpgradeCheck = 1220;
				TargetAttributes = {
					3709E713258796A700620BE6 = {
						CreatedOnToolsVersion = 12.2;
					};
				};
			};
			buildConfigurationList = 3709E70F258796A700620BE6 /* Build configuration list for PBXProject "barCodeApp" */;
			compatibilityVersion = "Xcode 9.3";
			developmentRegion = en;
			hasScannedForEncodings = 0;
			knownRegions = (
				en,
				Base,
			);
			mainGroup = 3709E70B258796A700620BE6;
			productRefGroup = 3709E715258796A700620BE6 /* Products */;
			projectDirPath = "";
			projectRoot = "";
			targets = (
				3709E713258796A700620BE6 /* barCodeApp */,
			);
		};
/* End PBXProject section */

/* Begin PBXResourcesBuildPhase section */
		3709E712258796A700620BE6 /* Resources */ = {
			isa = PBXResourcesBuildPhase;
			buildActionMask = 2147483647;
			files = (
				3709E724258796A800620BE6 /* LaunchScreen.storyboard in Resources */,
				3709E721258796A800620BE6 /* Assets.xcassets in Resources */,
				3709E71F258796A700620BE6 /* Main.storyboard in Resources */,
			);
			runOnlyForDeploymentPostprocessing = 0;
		};
/* End PBXResourcesBuildPhase section */

/* Begin PBXSourcesBuildPhase section */
		3709E710258796A700620BE6 /* Sources */ = {
			isa = PBXSourcesBuildPhase;
			buildActionMask = 2147483647;
			files = (
				3709E72D2587A77E00620BE6 /* Configration.swift in Sources */,
				3709E71C258796A700620BE6 /* ViewController.swift in Sources */,
				3709E718258796A700620BE6 /* AppDelegate.swift in Sources */,
				3709E71A258796A700620BE6 /* SceneDelegate.swift in Sources */,
			);
			runOnlyForDeploymentPostprocessing = 0;
		};
/* End PBXSourcesBuildPhase section */

/* Begin PBXVariantGroup section */
		3709E71D258796A700620BE6 /* Main.storyboard */ = {
			isa = PBXVariantGroup;
			children = (
				3709E71E258796A700620BE6 /* Base */,
			);
			name = Main.storyboard;
			sourceTree = "<group>";
		};
		3709E722258796A800620BE6 /* LaunchScreen.storyboard */ = {
			isa = PBXVariantGroup;
			children = (
				3709E723258796A800620BE6 /* Base */,
			);
			name = LaunchScreen.storyboard;
			sourceTree = "<group>";
		};
/* End PBXVariantGroup section */

/* Begin XCBuildConfiguration section */
		3709E726258796A800620BE6 /* Debug */ = {
			isa = XCBuildConfiguration;
			buildSettings = {
				ALWAYS_SEARCH_USER_PATHS = NO;
				CLANG_ANALYZER_NONNULL = YES;
				CLANG_ANALYZER_NUMBER_OBJECT_CONVERSION = YES_AGGRESSIVE;
				CLANG_CXX_LANGUAGE_STANDARD = "gnu++14";
				CLANG_CXX_LIBRARY = "libc++";
				CLANG_ENABLE_MODULES = YES;
				CLANG_ENABLE_OBJC_ARC = YES;
				CLANG_ENABLE_OBJC_WEAK = YES;
				CLANG_WARN_BLOCK_CAPTURE_AUTORELEASING = YES;
				CLANG_WARN_BOOL_CONVERSION = YES;
				CLANG_WARN_COMMA = YES;
				CLANG_WARN_CONSTANT_CONVERSION = YES;
				CLANG_WARN_DEPRECATED_OBJC_IMPLEMENTATIONS = YES;
				CLANG_WARN_DIRECT_OBJC_ISA_USAGE = YES_ERROR;
				CLANG_WARN_DOCUMENTATION_COMMENTS = YES;
				CLANG_WARN_EMPTY_BODY = YES;
				CLANG_WARN_ENUM_CONVERSION = YES;
				CLANG_WARN_INFINITE_RECURSION = YES;
				CLANG_WARN_INT_CONVERSION = YES;
				CLANG_WARN_NON_LITERAL_NULL_CONVERSION = YES;
				CLANG_WARN_OBJC_IMPLICIT_RETAIN_SELF = YES;
				CLANG_WARN_OBJC_LITERAL_CONVERSION = YES;
				CLANG_WARN_OBJC_ROOT_CLASS = YES_ERROR;
				CLANG_WARN_QUOTED_INCLUDE_IN_FRAMEWORK_HEADER = YES;
				CLANG_WARN_RANGE_LOOP_ANALYSIS = YES;
				CLANG_WARN_STRICT_PROTOTYPES = YES;
				CLANG_WARN_SUSPICIOUS_MOVE = YES;
				CLANG_WARN_UNGUARDED_AVAILABILITY = YES_AGGRESSIVE;
				CLANG_WARN_UNREACHABLE_CODE = YES;
				CLANG_WARN__DUPLICATE_METHOD_MATCH = YES;
				COPY_PHASE_STRIP = NO;
				DEBUG_INFORMATION_FORMAT = dwarf;
				ENABLE_STRICT_OBJC_MSGSEND = YES;
				ENABLE_TESTABILITY = YES;
				GCC_C_LANGUAGE_STANDARD = gnu11;
				GCC_DYNAMIC_NO_PIC = NO;
				GCC_NO_COMMON_BLOCKS = YES;
				GCC_OPTIMIZATION_LEVEL = 0;
				GCC_PREPROCESSOR_DEFINITIONS = (
					"DEBUG=1",
					"$(inherited)",
				);
				GCC_WARN_64_TO_32_BIT_CONVERSION = YES;
				GCC_WARN_ABOUT_RETURN_TYPE = YES_ERROR;
				GCC_WARN_UNDECLARED_SELECTOR = YES;
				GCC_WARN_UNINITIALIZED_AUTOS = YES_AGGRESSIVE;
				GCC_WARN_UNUSED_FUNCTION = YES;
				GCC_WARN_UNUSED_VARIABLE = YES;
				IPHONEOS_DEPLOYMENT_TARGET = 14.2;
				MTL_ENABLE_DEBUG_INFO = INCLUDE_SOURCE;
				MTL_FAST_MATH = YES;
				ONLY_ACTIVE_ARCH = YES;
				SDKROOT = iphoneos;
				SWIFT_ACTIVE_COMPILATION_CONDITIONS = DEBUG;
				SWIFT_OPTIMIZATION_LEVEL = "-Onone";
			};
			name = Debug;
		};
		3709E727258796A800620BE6 /* Release */ = {
			isa = XCBuildConfiguration;
			buildSettings = {
				ALWAYS_SEARCH_USER_PATHS = NO;
				CLANG_ANALYZER_NONNULL = YES;
				CLANG_ANALYZER_NUMBER_OBJECT_CONVERSION = YES_AGGRESSIVE;
				CLANG_CXX_LANGUAGE_STANDARD = "gnu++14";
				CLANG_CXX_LIBRARY = "libc++";
				CLANG_ENABLE_MODULES = YES;
				CLANG_ENABLE_OBJC_ARC = YES;
				CLANG_ENABLE_OBJC_WEAK = YES;
				CLANG_WARN_BLOCK_CAPTURE_AUTORELEASING = YES;
				CLANG_WARN_BOOL_CONVERSION = YES;
				CLANG_WARN_COMMA = YES;
				CLANG_WARN_CONSTANT_CONVERSION = YES;
				CLANG_WARN_DEPRECATED_OBJC_IMPLEMENTATIONS = YES;
				CLANG_WARN_DIRECT_OBJC_ISA_USAGE = YES_ERROR;
				CLANG_WARN_DOCUMENTATION_COMMENTS = YES;
				CLANG_WARN_EMPTY_BODY = YES;
				CLANG_WARN_ENUM_CONVERSION = YES;
				CLANG_WARN_INFINITE_RECURSION = YES;
				CLANG_WARN_INT_CONVERSION = YES;
				CLANG_WARN_NON_LITERAL_NULL_CONVERSION = YES;
				CLANG_WARN_OBJC_IMPLICIT_RETAIN_SELF = YES;
				CLANG_WARN_OBJC_LITERAL_CONVERSION = YES;
				CLANG_WARN_OBJC_ROOT_CLASS = YES_ERROR;
				CLANG_WARN_QUOTED_INCLUDE_IN_FRAMEWORK_HEADER = YES;
				CLANG_WARN_RANGE_LOOP_ANALYSIS = YES;
				CLANG_WARN_STRICT_PROTOTYPES = YES;
				CLANG_WARN_SUSPICIOUS_MOVE = YES;
				CLANG_WARN_UNGUARDED_AVAILABILITY = YES_AGGRESSIVE;
				CLANG_WARN_UNREACHABLE_CODE = YES;
				CLANG_WARN__DUPLICATE_METHOD_MATCH = YES;
				COPY_PHASE_STRIP = NO;
				DEBUG_INFORMATION_FORMAT = "dwarf-with-dsym";
				ENABLE_NS_ASSERTIONS = NO;
				ENABLE_STRICT_OBJC_MSGSEND = YES;
				GCC_C_LANGUAGE_STANDARD = gnu11;
				GCC_NO_COMMON_BLOCKS = YES;
				GCC_WARN_64_TO_32_BIT_CONVERSION = YES;
				GCC_WARN_ABOUT_RETURN_TYPE = YES_ERROR;
				GCC_WARN_UNDECLARED_SELECTOR = YES;
				GCC_WARN_UNINITIALIZED_AUTOS = YES_AGGRESSIVE;
				GCC_WARN_UNUSED_FUNCTION = YES;
				GCC_WARN_UNUSED_VARIABLE = YES;
				IPHONEOS_DEPLOYMENT_TARGET = 14.2;
				MTL_ENABLE_DEBUG_INFO = NO;
				MTL_FAST_MATH = YES;
				SDKROOT = iphoneos;
				SWIFT_COMPILATION_MODE = wholemodule;
				SWIFT_OPTIMIZATION_LEVEL = "-O";
				VALIDATE_PRODUCT = YES;
			};
			name = Release;
		};
		3709E729258796A800620BE6 /* Debug */ = {
			isa = XCBuildConfiguration;
			buildSettings = {
				ASSETCATALOG_COMPILER_APPICON_NAME = AppIcon;
				ASSETCATALOG_COMPILER_GLOBAL_ACCENT_COLOR_NAME = AccentColor;
				CODE_SIGN_STYLE = Automatic;
				DEVELOPMENT_TEAM = FWA92GQ7CG;
				INFOPLIST_FILE = barCodeApp/Info.plist;
				LD_RUNPATH_SEARCH_PATHS = (
					"$(inherited)",
					"@executable_path/Frameworks",
				);
				PRODUCT_BUNDLE_IDENTIFIER = com.ShoheiShikanai.barCodeApp;
				PRODUCT_NAME = "$(TARGET_NAME)";
				RAKUTEN_API_URL = "https://app.rakuten.co.jp/services/api/IchibaItem/Search/20170706?format=json&elements=itemName%2CsmallImageUrls&hits=1&imageFlag=1&availability=0&applicationId=1010883188969703189&keyword=";
				SWIFT_VERSION = 5.0;
				TARGETED_DEVICE_FAMILY = "1,2";
			};
			name = Debug;
		};
		3709E72A258796A800620BE6 /* Release */ = {
			isa = XCBuildConfiguration;
			buildSettings = {
				ASSETCATALOG_COMPILER_APPICON_NAME = AppIcon;
				ASSETCATALOG_COMPILER_GLOBAL_ACCENT_COLOR_NAME = AccentColor;
				CODE_SIGN_STYLE = Automatic;
				DEVELOPMENT_TEAM = FWA92GQ7CG;
				INFOPLIST_FILE = barCodeApp/Info.plist;
				LD_RUNPATH_SEARCH_PATHS = (
					"$(inherited)",
					"@executable_path/Frameworks",
				);
				PRODUCT_BUNDLE_IDENTIFIER = com.ShoheiShikanai.barCodeApp;
				PRODUCT_NAME = "$(TARGET_NAME)";
				RAKUTEN_API_URL = "";
				SWIFT_VERSION = 5.0;
				TARGETED_DEVICE_FAMILY = "1,2";
			};
			name = Release;
		};
/* End XCBuildConfiguration section */

/* Begin XCConfigurationList section */
		3709E70F258796A700620BE6 /* Build configuration list for PBXProject "barCodeApp" */ = {
			isa = XCConfigurationList;
			buildConfigurations = (
				3709E726258796A800620BE6 /* Debug */,
				3709E727258796A800620BE6 /* Release */,
			);
			defaultConfigurationIsVisible = 0;
			defaultConfigurationName = Release;
		};
		3709E728258796A800620BE6 /* Build configuration list for PBXNativeTarget "barCodeApp" */ = {
			isa = XCConfigurationList;
			buildConfigurations = (
				3709E729258796A800620BE6 /* Debug */,
				3709E72A258796A800620BE6 /* Release */,
			);
			defaultConfigurationIsVisible = 0;
			defaultConfigurationName = Release;
		};
/* End XCConfigurationList section */
	};
	rootObject = 3709E70C258796A700620BE6 /* Project object */;
}
